{
    "name": "tsl-core-rss",
    "version": "0.1.0",
    "lockfileVersion": 3,
    "requires": true,
    "dev": true,
    "packages": {
        "": {
            "name": "tsl-core-rss",
            "version": "0.1.0",
            "license": "MIT",
            "devDependencies": {
                "@types/node": "~18.16.0",
                "@typescriptlibs/amd": "^1.2.2",
                "@typescriptlibs/tst": "^0.1.0",
                "husky": "~9.0.11",
                "tsl-core-rss": "./",
                "tsl-core-xml": "^0.4.0",
                "typescript": "~5.3.3"
            },
            "engines": {
                "node": ">=18.16.0"
            },
            "peerDependencies": {
                "tsl-core-xml": ">=0.4.0"
            }
        },
        "node_modules/@types/node": {
            "version": "18.16.20",
            "resolved": "https://registry.npmjs.org/@types/node/-/node-18.16.20.tgz",
            "integrity": "sha512-nL54VfDjThdP2UXJXZao5wp76CDiDw4zSRO8d4Tk7UgDqNKGKVEQB0/t3ti63NS+YNNkIQDvwEAF04BO+WYu7Q==",
            "dev": true
        },
        "node_modules/@typescriptlibs/amd": {
            "version": "1.2.2",
            "resolved": "https://registry.npmjs.org/@typescriptlibs/amd/-/amd-1.2.2.tgz",
            "integrity": "sha512-KizLeZWRdE4JNEawV3d6IwpwtYxoC6/eJfVOIZUd5dhJVtoYUvpPl8EwWku/ZhHTZOhmy6RMaOZbovr4D7Iz4Q==",
            "dev": true,
            "bin": {
                "install-amd": "bin/install-amd.mjs"
            },
            "engines": {
                "node": ">=16.8.0"
            }
        },
        "node_modules/@typescriptlibs/tst": {
            "version": "0.1.0",
            "resolved": "https://registry.npmjs.org/@typescriptlibs/tst/-/tst-0.1.0.tgz",
            "integrity": "sha512-3rmk4ztNZCseO+1V6wOW7SOWVvvk2HV3M4bcwXZgiOoSvz27r9mXuZ4/a/3PdVauXffBjESMOOBwB3kSYZ/fvw==",
            "dev": true,
            "bin": {
                "tst": "bin/tst.mjs"
            },
            "engines": {
                "node": ">=10.17.0"
            },
            "peerDependencies": {
                "@types/node": ">=10.17.0",
                "typescript": ">=1.6.0"
            }
        },
        "node_modules/husky": {
            "version": "9.0.11",
            "resolved": "https://registry.npmjs.org/husky/-/husky-9.0.11.tgz",
            "integrity": "sha512-AB6lFlbwwyIqMdHYhwPe+kjOC3Oc5P3nThEoW/AaO2BX3vJDjWPFxYLxokUZOo6RNX20He3AaT8sESs9NJcmEw==",
            "dev": true,
            "bin": {
                "husky": "bin.mjs"
            },
            "engines": {
                "node": ">=18"
            },
            "funding": {
                "url": "https://github.com/sponsors/typicode"
            }
        },
        "node_modules/tsl-core-rss": {
            "resolved": "",
            "link": true
        },
        "node_modules/tsl-core-xml": {
            "version": "0.4.0",
            "resolved": "https://registry.npmjs.org/tsl-core-xml/-/tsl-core-xml-0.4.0.tgz",
            "integrity": "sha512-Xx3x9SX2gFmgZHa0C2Wewu5Ue1eXohpmJqpvtiqen/NLfRdwlwXyn0oMLG3RoLnRYDWpCa0OBLmCEyDJF3dqLA==",
            "dev": true,
            "engines": {
                "node": ">=18.6.0"
            }
        },
        "node_modules/typescript": {
            "version": "5.3.3",
            "resolved": "https://registry.npmjs.org/typescript/-/typescript-5.3.3.tgz",
            "integrity": "sha512-pXWcraxM0uxAS+tN0AG/BF2TyqmHO014Z070UsJ+pFvYuRSq8KH8DmWpnbXe0pEPDHXZV3FcAbJkijJ5oNEnWw==",
            "dev": true,
            "bin": {
                "tsc": "bin/tsc",
                "tsserver": "bin/tsserver"
            },
            "engines": {
                "node": ">=14.17"
            }
        }
    }
}
